// !$*UTF8*$!
{
	archiveVersion = 1;
	classes = {
	};
	objectVersion = 56;
	objects = {

/* Begin PBXBuildFile section */
		44121DED2AC8A53E00A988D3 /* SwiftUILearningApp.swift in Sources */ = {isa = PBXBuildFile; fileRef = 44121DEC2AC8A53E00A988D3 /* SwiftUILearningApp.swift */; };
		44121DEF2AC8A53E00A988D3 /* ContentView.swift in Sources */ = {isa = PBXBuildFile; fileRef = 44121DEE2AC8A53E00A988D3 /* ContentView.swift */; };
		44121DF12AC8A54000A988D3 /* Assets.xcassets in Resources */ = {isa = PBXBuildFile; fileRef = 44121DF02AC8A54000A988D3 /* Assets.xcassets */; };
		44121DF42AC8A54000A988D3 /* Preview Assets.xcassets in Resources */ = {isa = PBXBuildFile; fileRef = 44121DF32AC8A54000A988D3 /* Preview Assets.xcassets */; };
		44121DFE2AC8A54000A988D3 /* SwiftUILearningTests.swift in Sources */ = {isa = PBXBuildFile; fileRef = 44121DFD2AC8A54000A988D3 /* SwiftUILearningTests.swift */; };
		44121E082AC8A54000A988D3 /* SwiftUILearningUITests.swift in Sources */ = {isa = PBXBuildFile; fileRef = 44121E072AC8A54000A988D3 /* SwiftUILearningUITests.swift */; };
		44121E0A2AC8A54000A988D3 /* SwiftUILearningUITestsLaunchTests.swift in Sources */ = {isa = PBXBuildFile; fileRef = 44121E092AC8A54000A988D3 /* SwiftUILearningUITestsLaunchTests.swift */; };
/* End PBXBuildFile section */

/* Begin PBXContainerItemProxy section */
		44121DFA2AC8A54000A988D3 /* PBXContainerItemProxy */ = {
			isa = PBXContainerItemProxy;
			containerPortal = 44121DE12AC8A53E00A988D3 /* Project object */;
			proxyType = 1;
			remoteGlobalIDString = 44121DE82AC8A53E00A988D3;
			remoteInfo = SwiftUILearning;
		};
		44121E042AC8A54000A988D3 /* PBXContainerItemProxy */ = {
			isa = PBXContainerItemProxy;
			containerPortal = 44121DE12AC8A53E00A988D3 /* Project object */;
			proxyType = 1;
			remoteGlobalIDString = 44121DE82AC8A53E00A988D3;
			remoteInfo = SwiftUILearning;
		};
/* End PBXContainerItemProxy section */

/* Begin PBXFileReference section */
		44121DE92AC8A53E00A988D3 /* SwiftUILearning.app */ = {isa = PBXFileReference; explicitFileType = wrapper.application; includeInIndex = 0; path = SwiftUILearning.app; sourceTree = BUILT_PRODUCTS_DIR; };
		44121DEC2AC8A53E00A988D3 /* SwiftUILearningApp.swift */ = {isa = PBXFileReference; lastKnownFileType = sourcecode.swift; path = SwiftUILearningApp.swift; sourceTree = "<group>"; };
		44121DEE2AC8A53E00A988D3 /* ContentView.swift */ = {isa = PBXFileReference; lastKnownFileType = sourcecode.swift; path = ContentView.swift; sourceTree = "<group>"; };
		44121DF02AC8A54000A988D3 /* Assets.xcassets */ = {isa = PBXFileReference; lastKnownFileType = folder.assetcatalog; path = Assets.xcassets; sourceTree = "<group>"; };
		44121DF32AC8A54000A988D3 /* Preview Assets.xcassets */ = {isa = PBXFileReference; lastKnownFileType = folder.assetcatalog; path = "Preview Assets.xcassets"; sourceTree = "<group>"; };
		44121DF92AC8A54000A988D3 /* SwiftUILearningTests.xctest */ = {isa = PBXFileReference; explicitFileType = wrapper.cfbundle; includeInIndex = 0; path = SwiftUILearningTests.xctest; sourceTree = BUILT_PRODUCTS_DIR; };
		44121DFD2AC8A54000A988D3 /* SwiftUILearningTests.swift */ = {isa = PBXFileReference; lastKnownFileType = sourcecode.swift; path = SwiftUILearningTests.swift; sourceTree = "<group>"; };
		44121E032AC8A54000A988D3 /* SwiftUILearningUITests.xctest */ = {isa = PBXFileReference; explicitFileType = wrapper.cfbundle; includeInIndex = 0; path = SwiftUILearningUITests.xctest; sourceTree = BUILT_PRODUCTS_DIR; };
		44121E072AC8A54000A988D3 /* SwiftUILearningUITests.swift */ = {isa = PBXFileReference; lastKnownFileType = sourcecode.swift; path = SwiftUILearningUITests.swift; sourceTree = "<group>"; };
		44121E092AC8A54000A988D3 /* SwiftUILearningUITestsLaunchTests.swift */ = {isa = PBXFileReference; lastKnownFileType = sourcecode.swift; path = SwiftUILearningUITestsLaunchTests.swift; sourceTree = "<group>"; };
/* End PBXFileReference section */

/* Begin PBXFrameworksBuildPhase section */
		44121DE62AC8A53E00A988D3 /* Frameworks */ = {
			isa = PBXFrameworksBuildPhase;
			buildActionMask = 2147483647;
			files = (
			);
			runOnlyForDeploymentPostprocessing = 0;
		};
		44121DF62AC8A54000A988D3 /* Frameworks */ = {
			isa = PBXFrameworksBuildPhase;
			buildActionMask = 2147483647;
			files = (
			);
			runOnlyForDeploymentPostprocessing = 0;
		};
		44121E002AC8A54000A988D3 /* Frameworks */ = {
			isa = PBXFrameworksBuildPhase;
			buildActionMask = 2147483647;
			files = (
			);
			runOnlyForDeploymentPostprocessing = 0;
		};
/* End PBXFrameworksBuildPhase section */

/* Begin PBXGroup section */
		44121DE02AC8A53E00A988D3 = {
			isa = PBXGroup;
			children = (
				44121DEB2AC8A53E00A988D3 /* SwiftUILearning */,
				44121DFC2AC8A54000A988D3 /* SwiftUILearningTests */,
				44121E062AC8A54000A988D3 /* SwiftUILearningUITests */,
				44121DEA2AC8A53E00A988D3 /* Products */,
			);
			sourceTree = "<group>";
		};
		44121DEA2AC8A53E00A988D3 /* Products */ = {
			isa = PBXGroup;
			children = (
				44121DE92AC8A53E00A988D3 /* SwiftUILearning.app */,
				44121DF92AC8A54000A988D3 /* SwiftUILearningTests.xctest */,
				44121E032AC8A54000A988D3 /* SwiftUILearningUITests.xctest */,
			);
			name = Products;
			sourceTree = "<group>";
		};
		44121DEB2AC8A53E00A988D3 /* SwiftUILearning */ = {
			isa = PBXGroup;
			children = (
				44121DEC2AC8A53E00A988D3 /* SwiftUILearningApp.swift */,
				44121DEE2AC8A53E00A988D3 /* ContentView.swift */,
				44121DF02AC8A54000A988D3 /* Assets.xcassets */,
				44121DF22AC8A54000A988D3 /* Preview Content */,
			);
			path = SwiftUILearning;
			sourceTree = "<group>";
		};
		44121DF22AC8A54000A988D3 /* Preview Content */ = {
			isa = PBXGroup;
			children = (
				44121DF32AC8A54000A988D3 /* Preview Assets.xcassets */,
			);
			path = "Preview Content";
			sourceTree = "<group>";
		};
		44121DFC2AC8A54000A988D3 /* SwiftUILearningTests */ = {
			isa = PBXGroup;
			children = (
				44121DFD2AC8A54000A988D3 /* SwiftUILearningTests.swift */,
			);
			path = SwiftUILearningTests;
			sourceTree = "<group>";
		};
		44121E062AC8A54000A988D3 /* SwiftUILearningUITests */ = {
			isa = PBXGroup;
			children = (
				44121E072AC8A54000A988D3 /* SwiftUILearningUITests.swift */,
				44121E092AC8A54000A988D3 /* SwiftUILearningUITestsLaunchTests.swift */,
			);
			path = SwiftUILearningUITests;
			sourceTree = "<group>";
		};
/* End PBXGroup section */

/* Begin PBXNativeTarget section */
		44121DE82AC8A53E00A988D3 /* SwiftUILearning */ = {
			isa = PBXNativeTarget;
			buildConfigurationList = 44121E0D2AC8A54000A988D3 /* Build configuration list for PBXNativeTarget "SwiftUILearning" */;
			buildPhases = (
				44121DE52AC8A53E00A988D3 /* Sources */,
				44121DE62AC8A53E00A988D3 /* Frameworks */,
				44121DE72AC8A53E00A988D3 /* Resources */,
			);
			buildRules = (
			);
			dependencies = (
			);
			name = SwiftUILearning;
			productName = SwiftUILearning;
			productReference = 44121DE92AC8A53E00A988D3 /* SwiftUILearning.app */;
			productType = "com.apple.product-type.application";
		};
		44121DF82AC8A54000A988D3 /* SwiftUILearningTests */ = {
			isa = PBXNativeTarget;
			buildConfigurationList = 44121E102AC8A54000A988D3 /* Build configuration list for PBXNativeTarget "SwiftUILearningTests" */;
			buildPhases = (
				44121DF52AC8A54000A988D3 /* Sources */,
				44121DF62AC8A54000A988D3 /* Frameworks */,
				44121DF72AC8A54000A988D3 /* Resources */,
			);
			buildRules = (
			);
			dependencies = (
				44121DFB2AC8A54000A988D3 /* PBXTargetDependency */,
			);
			name = SwiftUILearningTests;
			productName = SwiftUILearningTests;
			productReference = 44121DF92AC8A54000A988D3 /* SwiftUILearningTests.xctest */;
			productType = "com.apple.product-type.bundle.unit-test";
		};
		44121E022AC8A54000A988D3 /* SwiftUILearningUITests */ = {
			isa = PBXNativeTarget;
			buildConfigurationList = 44121E132AC8A54000A988D3 /* Build configuration list for PBXNativeTarget "SwiftUILearningUITests" */;
			buildPhases = (
				44121DFF2AC8A54000A988D3 /* Sources */,
				44121E002AC8A54000A988D3 /* Frameworks */,
				44121E012AC8A54000A988D3 /* Resources */,
			);
			buildRules = (
			);
			dependencies = (
				44121E052AC8A54000A988D3 /* PBXTargetDependency */,
			);
			name = SwiftUILearningUITests;
			productName = SwiftUILearningUITests;
			productReference = 44121E032AC8A54000A988D3 /* SwiftUILearningUITests.xctest */;
			productType = "com.apple.product-type.bundle.ui-testing";
		};
/* End PBXNativeTarget section */

/* Begin PBXProject section */
		44121DE12AC8A53E00A988D3 /* Project object */ = {
			isa = PBXProject;
			attributes = {
				BuildIndependentTargetsInParallel = 1;
				LastSwiftUpdateCheck = 1500;
				LastUpgradeCheck = 1500;
				TargetAttributes = {
					44121DE82AC8A53E00A988D3 = {
						CreatedOnToolsVersion = 15.0;
					};
					44121DF82AC8A54000A988D3 = {
						CreatedOnToolsVersion = 15.0;
						TestTargetID = 44121DE82AC8A53E00A988D3;
					};
					44121E022AC8A54000A988D3 = {
						CreatedOnToolsVersion = 15.0;
						TestTargetID = 44121DE82AC8A53E00A988D3;
					};
				};
			};
			buildConfigurationList = 44121DE42AC8A53E00A988D3 /* Build configuration list for PBXProject "SwiftUILearning" */;
			compatibilityVersion = "Xcode 14.0";
			developmentRegion = en;
			hasScannedForEncodings = 0;
			knownRegions = (
				en,
				Base,
			);
			mainGroup = 44121DE02AC8A53E00A988D3;
			productRefGroup = 44121DEA2AC8A53E00A988D3 /* Products */;
			projectDirPath = "";
			projectRoot = "";
			targets = (
				44121DE82AC8A53E00A988D3 /* SwiftUILearning */,
				44121DF82AC8A54000A988D3 /* SwiftUILearningTests */,
				44121E022AC8A54000A988D3 /* SwiftUILearningUITests */,
			);
		};
/* End PBXProject section */

/* Begin PBXResourcesBuildPhase section */
		44121DE72AC8A53E00A988D3 /* Resources */ = {
			isa = PBXResourcesBuildPhase;
			buildActionMask = 2147483647;
			files = (
				44121DF42AC8A54000A988D3 /* Preview Assets.xcassets in Resources */,
				44121DF12AC8A54000A988D3 /* Assets.xcassets in Resources */,
			);
			runOnlyForDeploymentPostprocessing = 0;
		};
		44121DF72AC8A54000A988D3 /* Resources */ = {
			isa = PBXResourcesBuildPhase;
			buildActionMask = 2147483647;
			files = (
			);
			runOnlyForDeploymentPostprocessing = 0;
		};
		44121E012AC8A54000A988D3 /* Resources */ = {
			isa = PBXResourcesBuildPhase;
			buildActionMask = 2147483647;
			files = (
			);
			runOnlyForDeploymentPostprocessing = 0;
		};
/* End PBXResourcesBuildPhase section */

/* Begin PBXSourcesBuildPhase section */
		44121DE52AC8A53E00A988D3 /* Sources */ = {
			isa = PBXSourcesBuildPhase;
			buildActionMask = 2147483647;
			files = (
				44121DEF2AC8A53E00A988D3 /* ContentView.swift in Sources */,
				44121DED2AC8A53E00A988D3 /* SwiftUILearningApp.swift in Sources */,
			);
			runOnlyForDeploymentPostprocessing = 0;
		};
		44121DF52AC8A54000A988D3 /* Sources */ = {
			isa = PBXSourcesBuildPhase;
			buildActionMask = 2147483647;
			files = (
				44121DFE2AC8A54000A988D3 /* SwiftUILearningTests.swift in Sources */,
			);
			runOnlyForDeploymentPostprocessing = 0;
		};
		44121DFF2AC8A54000A988D3 /* Sources */ = {
			isa = PBXSourcesBuildPhase;
			buildActionMask = 2147483647;
			files = (
				44121E0A2AC8A54000A988D3 /* SwiftUILearningUITestsLaunchTests.swift in Sources */,
				44121E082AC8A54000A988D3 /* SwiftUILearningUITests.swift in Sources */,
			);
			runOnlyForDeploymentPostprocessing = 0;
		};
/* End PBXSourcesBuildPhase section */

/* Begin PBXTargetDependency section */
		44121DFB2AC8A54000A988D3 /* PBXTargetDependency */ = {
			isa = PBXTargetDependency;
			target = 44121DE82AC8A53E00A988D3 /* SwiftUILearning */;
			targetProxy = 44121DFA2AC8A54000A988D3 /* PBXContainerItemProxy */;
		};
		44121E052AC8A54000A988D3 /* PBXTargetDependency */ = {
			isa = PBXTargetDependency;
			target = 44121DE82AC8A53E00A988D3 /* SwiftUILearning */;
			targetProxy = 44121E042AC8A54000A988D3 /* PBXContainerItemProxy */;
		};
/* End PBXTargetDependency section */

/* Begin XCBuildConfiguration section */
		44121E0B2AC8A54000A988D3 /* Debug */ = {
			isa = XCBuildConfiguration;
			buildSettings = {
				ALWAYS_SEARCH_USER_PATHS = NO;
				ASSETCATALOG_COMPILER_GENERATE_SWIFT_ASSET_SYMBOL_EXTENSIONS = YES;
				CLANG_ANALYZER_NONNULL = YES;
				CLANG_ANALYZER_NUMBER_OBJECT_CONVERSION = YES_AGGRESSIVE;
				CLANG_CXX_LANGUAGE_STANDARD = "gnu++20";
				CLANG_ENABLE_MODULES = YES;
				CLANG_ENABLE_OBJC_ARC = YES;
				CLANG_ENABLE_OBJC_WEAK = YES;
				CLANG_WARN_BLOCK_CAPTURE_AUTORELEASING = YES;
				CLANG_WARN_BOOL_CONVERSION = YES;
				CLANG_WARN_COMMA = YES;
				CLANG_WARN_CONSTANT_CONVERSION = YES;
				CLANG_WARN_DEPRECATED_OBJC_IMPLEMENTATIONS = YES;
				CLANG_WARN_DIRECT_OBJC_ISA_USAGE = YES_ERROR;
				CLANG_WARN_DOCUMENTATION_COMMENTS = YES;
				CLANG_WARN_EMPTY_BODY = YES;
				CLANG_WARN_ENUM_CONVERSION = YES;
				CLANG_WARN_INFINITE_RECURSION = YES;
				CLANG_WARN_INT_CONVERSION = YES;
				CLANG_WARN_NON_LITERAL_NULL_CONVERSION = YES;
				CLANG_WARN_OBJC_IMPLICIT_RETAIN_SELF = YES;
				CLANG_WARN_OBJC_LITERAL_CONVERSION = YES;
				CLANG_WARN_OBJC_ROOT_CLASS = YES_ERROR;
				CLANG_WARN_QUOTED_INCLUDE_IN_FRAMEWORK_HEADER = YES;
				CLANG_WARN_RANGE_LOOP_ANALYSIS = YES;
				CLANG_WARN_STRICT_PROTOTYPES = YES;
				CLANG_WARN_SUSPICIOUS_MOVE = YES;
				CLANG_WARN_UNGUARDED_AVAILABILITY = YES_AGGRESSIVE;
				CLANG_WARN_UNREACHABLE_CODE = YES;
				CLANG_WARN__DUPLICATE_METHOD_MATCH = YES;
				COPY_PHASE_STRIP = NO;
				DEBUG_INFORMATION_FORMAT = dwarf;
				ENABLE_STRICT_OBJC_MSGSEND = YES;
				ENABLE_TESTABILITY = YES;
				ENABLE_USER_SCRIPT_SANDBOXING = YES;
				GCC_C_LANGUAGE_STANDARD = gnu17;
				GCC_DYNAMIC_NO_PIC = NO;
				GCC_NO_COMMON_BLOCKS = YES;
				GCC_OPTIMIZATION_LEVEL = 0;
				GCC_PREPROCESSOR_DEFINITIONS = (
					"DEBUG=1",
					"$(inherited)",
				);
				GCC_WARN_64_TO_32_BIT_CONVERSION = YES;
				GCC_WARN_ABOUT_RETURN_TYPE = YES_ERROR;
				GCC_WARN_UNDECLARED_SELECTOR = YES;
				GCC_WARN_UNINITIALIZED_AUTOS = YES_AGGRESSIVE;
				GCC_WARN_UNUSED_FUNCTION = YES;
				GCC_WARN_UNUSED_VARIABLE = YES;
				IPHONEOS_DEPLOYMENT_TARGET = 17.0;
				LOCALIZATION_PREFERS_STRING_CATALOGS = YES;
				MTL_ENABLE_DEBUG_INFO = INCLUDE_SOURCE;
				MTL_FAST_MATH = YES;
				ONLY_ACTIVE_ARCH = YES;
				SDKROOT = iphoneos;
				SWIFT_ACTIVE_COMPILATION_CONDITIONS = "DEBUG $(inherited)";
				SWIFT_OPTIMIZATION_LEVEL = "-Onone";
			};
			name = Debug;
		};
		44121E0C2AC8A54000A988D3 /* Release */ = {
			isa = XCBuildConfiguration;
			buildSettings = {
				ALWAYS_SEARCH_USER_PATHS = NO;
				ASSETCATALOG_COMPILER_GENERATE_SWIFT_ASSET_SYMBOL_EXTENSIONS = YES;
				CLANG_ANALYZER_NONNULL = YES;
				CLANG_ANALYZER_NUMBER_OBJECT_CONVERSION = YES_AGGRESSIVE;
				CLANG_CXX_LANGUAGE_STANDARD = "gnu++20";
				CLANG_ENABLE_MODULES = YES;
				CLANG_ENABLE_OBJC_ARC = YES;
				CLANG_ENABLE_OBJC_WEAK = YES;
				CLANG_WARN_BLOCK_CAPTURE_AUTORELEASING = YES;
				CLANG_WARN_BOOL_CONVERSION = YES;
				CLANG_WARN_COMMA = YES;
				CLANG_WARN_CONSTANT_CONVERSION = YES;
				CLANG_WARN_DEPRECATED_OBJC_IMPLEMENTATIONS = YES;
				CLANG_WARN_DIRECT_OBJC_ISA_USAGE = YES_ERROR;
				CLANG_WARN_DOCUMENTATION_COMMENTS = YES;
				CLANG_WARN_EMPTY_BODY = YES;
				CLANG_WARN_ENUM_CONVERSION = YES;
				CLANG_WARN_INFINITE_RECURSION = YES;
				CLANG_WARN_INT_CONVERSION = YES;
				CLANG_WARN_NON_LITERAL_NULL_CONVERSION = YES;
				CLANG_WARN_OBJC_IMPLICIT_RETAIN_SELF = YES;
				CLANG_WARN_OBJC_LITERAL_CONVERSION = YES;
				CLANG_WARN_OBJC_ROOT_CLASS = YES_ERROR;
				CLANG_WARN_QUOTED_INCLUDE_IN_FRAMEWORK_HEADER = YES;
				CLANG_WARN_RANGE_LOOP_ANALYSIS = YES;
				CLANG_WARN_STRICT_PROTOTYPES = YES;
				CLANG_WARN_SUSPICIOUS_MOVE = YES;
				CLANG_WARN_UNGUARDED_AVAILABILITY = YES_AGGRESSIVE;
				CLANG_WARN_UNREACHABLE_CODE = YES;
				CLANG_WARN__DUPLICATE_METHOD_MATCH = YES;
				COPY_PHASE_STRIP = NO;
				DEBUG_INFORMATION_FORMAT = "dwarf-with-dsym";
				ENABLE_NS_ASSERTIONS = NO;
				ENABLE_STRICT_OBJC_MSGSEND = YES;
				ENABLE_USER_SCRIPT_SANDBOXING = YES;
				GCC_C_LANGUAGE_STANDARD = gnu17;
				GCC_NO_COMMON_BLOCKS = YES;
				GCC_WARN_64_TO_32_BIT_CONVERSION = YES;
				GCC_WARN_ABOUT_RETURN_TYPE = YES_ERROR;
				GCC_WARN_UNDECLARED_SELECTOR = YES;
				GCC_WARN_UNINITIALIZED_AUTOS = YES_AGGRESSIVE;
				GCC_WARN_UNUSED_FUNCTION = YES;
				GCC_WARN_UNUSED_VARIABLE = YES;
				IPHONEOS_DEPLOYMENT_TARGET = 17.0;
				LOCALIZATION_PREFERS_STRING_CATALOGS = YES;
				MTL_ENABLE_DEBUG_INFO = NO;
				MTL_FAST_MATH = YES;
				SDKROOT = iphoneos;
				SWIFT_COMPILATION_MODE = wholemodule;
				VALIDATE_PRODUCT = YES;
			};
			name = Release;
		};
		44121E0E2AC8A54000A988D3 /* Debug */ = {
			isa = XCBuildConfiguration;
			buildSettings = {
				ASSETCATALOG_COMPILER_APPICON_NAME = AppIcon;
				ASSETCATALOG_COMPILER_GLOBAL_ACCENT_COLOR_NAME = AccentColor;
				CODE_SIGN_STYLE = Automatic;
				CURRENT_PROJECT_VERSION = 1;
				DEVELOPMENT_ASSET_PATHS = "\"SwiftUILearning/Preview Content\"";
				DEVELOPMENT_TEAM = BXWX5YCZ56;
				ENABLE_PREVIEWS = YES;
				GENERATE_INFOPLIST_FILE = YES;
				INFOPLIST_KEY_UIApplicationSceneManifest_Generation = YES;
				INFOPLIST_KEY_UIApplicationSupportsIndirectInputEvents = YES;
				INFOPLIST_KEY_UILaunchScreen_Generation = YES;
				INFOPLIST_KEY_UISupportedInterfaceOrientations_iPad = "UIInterfaceOrientationPortrait UIInterfaceOrientationPortraitUpsideDown UIInterfaceOrientationLandscapeLeft UIInterfaceOrientationLandscapeRight";
				INFOPLIST_KEY_UISupportedInterfaceOrientations_iPhone = "UIInterfaceOrientationPortrait UIInterfaceOrientationLandscapeLeft UIInterfaceOrientationLandscapeRight";
				LD_RUNPATH_SEARCH_PATHS = (
					"$(inherited)",
					"@executable_path/Frameworks",
				);
				MARKETING_VERSION = 1.0;
				PRODUCT_BUNDLE_IDENTIFIER = com.SwiftUILearning;
				PRODUCT_NAME = "$(TARGET_NAME)";
				SWIFT_EMIT_LOC_STRINGS = YES;
				SWIFT_VERSION = 5.0;
				TARGETED_DEVICE_FAMILY = "1,2";
			};
			name = Debug;
		};
		44121E0F2AC8A54000A988D3 /* Release */ = {
			isa = XCBuildConfiguration;
			buildSettings = {
				ASSETCATALOG_COMPILER_APPICON_NAME = AppIcon;
				ASSETCATALOG_COMPILER_GLOBAL_ACCENT_COLOR_NAME = AccentColor;
				CODE_SIGN_STYLE = Automatic;
				CURRENT_PROJECT_VERSION = 1;
				DEVELOPMENT_ASSET_PATHS = "\"SwiftUILearning/Preview Content\"";
				DEVELOPMENT_TEAM = BXWX5YCZ56;
				ENABLE_PREVIEWS = YES;
				GENERATE_INFOPLIST_FILE = YES;
				INFOPLIST_KEY_UIApplicationSceneManifest_Generation = YES;
				INFOPLIST_KEY_UIApplicationSupportsIndirectInputEvents = YES;
				INFOPLIST_KEY_UILaunchScreen_Generation = YES;
				INFOPLIST_KEY_UISupportedInterfaceOrientations_iPad = "UIInterfaceOrientationPortrait UIInterfaceOrientationPortraitUpsideDown UIInterfaceOrientationLandscapeLeft UIInterfaceOrientationLandscapeRight";
				INFOPLIST_KEY_UISupportedInterfaceOrientations_iPhone = "UIInterfaceOrientationPortrait UIInterfaceOrientationLandscapeLeft UIInterfaceOrientationLandscapeRight";
				LD_RUNPATH_SEARCH_PATHS = (
					"$(inherited)",
					"@executable_path/Frameworks",
				);
				MARKETING_VERSION = 1.0;
				PRODUCT_BUNDLE_IDENTIFIER = com.SwiftUILearning;
				PRODUCT_NAME = "$(TARGET_NAME)";
				SWIFT_EMIT_LOC_STRINGS = YES;
				SWIFT_VERSION = 5.0;
				TARGETED_DEVICE_FAMILY = "1,2";
			};
			name = Release;
		};
		44121E112AC8A54000A988D3 /* Debug */ = {
			isa = XCBuildConfiguration;
			buildSettings = {
				ALWAYS_EMBED_SWIFT_STANDARD_LIBRARIES = YES;
				BUNDLE_LOADER = "$(TEST_HOST)";
				CODE_SIGN_STYLE = Automatic;
				CURRENT_PROJECT_VERSION = 1;
				DEVELOPMENT_TEAM = BXWX5YCZ56;
				GENERATE_INFOPLIST_FILE = YES;
				IPHONEOS_DEPLOYMENT_TARGET = 17.0;
				MARKETING_VERSION = 1.0;
				PRODUCT_BUNDLE_IDENTIFIER = com.SwiftUILearningTests;
				PRODUCT_NAME = "$(TARGET_NAME)";
				SWIFT_EMIT_LOC_STRINGS = NO;
				SWIFT_VERSION = 5.0;
				TARGETED_DEVICE_FAMILY = "1,2";
				TEST_HOST = "$(BUILT_PRODUCTS_DIR)/SwiftUILearning.app/$(BUNDLE_EXECUTABLE_FOLDER_PATH)/SwiftUILearning";
			};
			name = Debug;
		};
		44121E122AC8A54000A988D3 /* Release */ = {
			isa = XCBuildConfiguration;
			buildSettings = {
				ALWAYS_EMBED_SWIFT_STANDARD_LIBRARIES = YES;
				BUNDLE_LOADER = "$(TEST_HOST)";
				CODE_SIGN_STYLE = Automatic;
				CURRENT_PROJECT_VERSION = 1;
				DEVELOPMENT_TEAM = BXWX5YCZ56;
				GENERATE_INFOPLIST_FILE = YES;
				IPHONEOS_DEPLOYMENT_TARGET = 17.0;
				MARKETING_VERSION = 1.0;
				PRODUCT_BUNDLE_IDENTIFIER = com.SwiftUILearningTests;
				PRODUCT_NAME = "$(TARGET_NAME)";
				SWIFT_EMIT_LOC_STRINGS = NO;
				SWIFT_VERSION = 5.0;
				TARGETED_DEVICE_FAMILY = "1,2";
				TEST_HOST = "$(BUILT_PRODUCTS_DIR)/SwiftUILearning.app/$(BUNDLE_EXECUTABLE_FOLDER_PATH)/SwiftUILearning";
			};
			name = Release;
		};
		44121E142AC8A54000A988D3 /* Debug */ = {
			isa = XCBuildConfiguration;
			buildSettings = {
				ALWAYS_EMBED_SWIFT_STANDARD_LIBRARIES = YES;
				CODE_SIGN_STYLE = Automatic;
				CURRENT_PROJECT_VERSION = 1;
				DEVELOPMENT_TEAM = BXWX5YCZ56;
				GENERATE_INFOPLIST_FILE = YES;
				MARKETING_VERSION = 1.0;
				PRODUCT_BUNDLE_IDENTIFIER = com.SwiftUILearningUITests;
				PRODUCT_NAME = "$(TARGET_NAME)";
				SWIFT_EMIT_LOC_STRINGS = NO;
				SWIFT_VERSION = 5.0;
				TARGETED_DEVICE_FAMILY = "1,2";
				TEST_TARGET_NAME = SwiftUILearning;
			};
			name = Debug;
		};
		44121E152AC8A54000A988D3 /* Release */ = {
			isa = XCBuildConfiguration;
			buildSettings = {
				ALWAYS_EMBED_SWIFT_STANDARD_LIBRARIES = YES;
				CODE_SIGN_STYLE = Automatic;
				CURRENT_PROJECT_VERSION = 1;
				DEVELOPMENT_TEAM = BXWX5YCZ56;
				GENERATE_INFOPLIST_FILE = YES;
				MARKETING_VERSION = 1.0;
				PRODUCT_BUNDLE_IDENTIFIER = com.SwiftUILearningUITests;
				PRODUCT_NAME = "$(TARGET_NAME)";
				SWIFT_EMIT_LOC_STRINGS = NO;
				SWIFT_VERSION = 5.0;
				TARGETED_DEVICE_FAMILY = "1,2";
				TEST_TARGET_NAME = SwiftUILearning;
			};
			name = Release;
		};
/* End XCBuildConfiguration section */

/* Begin XCConfigurationList section */
		44121DE42AC8A53E00A988D3 /* Build configuration list for PBXProject "SwiftUILearning" */ = {
			isa = XCConfigurationList;
			buildConfigurations = (
				44121E0B2AC8A54000A988D3 /* Debug */,
				44121E0C2AC8A54000A988D3 /* Release */,
			);
			defaultConfigurationIsVisible = 0;
			defaultConfigurationName = Release;
		};
		44121E0D2AC8A54000A988D3 /* Build configuration list for PBXNativeTarget "SwiftUILearning" */ = {
			isa = XCConfigurationList;
			buildConfigurations = (
				44121E0E2AC8A54000A988D3 /* Debug */,
				44121E0F2AC8A54000A988D3 /* Release */,
			);
			defaultConfigurationIsVisible = 0;
			defaultConfigurationName = Release;
		};
		44121E102AC8A54000A988D3 /* Build configuration list for PBXNativeTarget "SwiftUILearningTests" */ = {
			isa = XCConfigurationList;
			buildConfigurations = (
				44121E112AC8A54000A988D3 /* Debug */,
				44121E122AC8A54000A988D3 /* Release */,
			);
			defaultConfigurationIsVisible = 0;
			defaultConfigurationName = Release;
		};
		44121E132AC8A54000A988D3 /* Build configuration list for PBXNativeTarget "SwiftUILearningUITests" */ = {
			isa = XCConfigurationList;
			buildConfigurations = (
				44121E142AC8A54000A988D3 /* Debug */,
				44121E152AC8A54000A988D3 /* Release */,
			);
			defaultConfigurationIsVisible = 0;
			defaultConfigurationName = Release;
		};
/* End XCConfigurationList section */
	};
	rootObject = 44121DE12AC8A53E00A988D3 /* Project object */;
}
